
Microsoft Visual Studio Solution File, Format Version 12.00
# Visual Studio Version 16
VisualStudioVersion = 16.0.31019.35
MinimumVisualStudioVersion = 10.0.40219.1
Project("{FAE04EC0-301F-11D3-BF4B-00C04F79EFBC}") = "Lesson1", "Lesson1\Lesson1.csproj", "{2AE258E8-A701-4F0F-87AE-C1AD6042B890}"
EndProject
Global
	GlobalSection(SolutionConfigurationPlatforms) = preSolution
		Debug|Any CPU = Debug|Any CPU
		Release|Any CPU = Release|Any CPU
	EndGlobalSection
	GlobalSection(ProjectConfigurationPlatforms) = postSolution
		{2AE258E8-A701-4F0F-87AE-C1AD6042B890}.Debug|Any CPU.ActiveCfg = Debug|Any CPU
		{2AE258E8-A701-4F0F-87AE-C1AD6042B890}.Debug|Any CPU.Build.0 = Debug|Any CPU
		{2AE258E8-A701-4F0F-87AE-C1AD6042B890}.Release|Any CPU.ActiveCfg = Release|Any CPU
		{2AE258E8-A701-4F0F-87AE-C1AD6042B890}.Release|Any CPU.Build.0 = Release|Any CPU
	EndGlobalSection
	GlobalSection(SolutionProperties) = preSolution
		HideSolutionNode = FALSE
	EndGlobalSection
	GlobalSection(ExtensibilityGlobals) = postSolution
		SolutionGuid = {EFD12486-5109-44C2-8CAF-AE5FA92F6981}
	EndGlobalSection
EndGlobal
